{
  "name": "@bhavingajjar/country-state-city-data",
  "version": "1.0.0",
  "lockfileVersion": 3,
  "requires": true,
  "packages": {
    "": {
      "name": "@bhavingajjar/country-state-city-data",
      "version": "1.0.0",
      "license": "MIT"
    },
    "node_modules/@bhavingajjar/country-state-city-data": {
      "resolved": "",
      "link": true
    }
  }
}
